Microsoft Visual Studio Solution File, Format Version 12.00
# Visual Studio Version 18
VisualStudioVersion = 18.0.11222.15
MinimumVisualStudioVersion = 10.0.40219.1
Project("{FAE04EC0-301F-11D3-BF4B-00C04F79EFBC}") = "OOP_Proj", "OOP_Proj.csproj", "{A3CFD508-694F-5274-DC3A-136F19ADD69B}"
EndProject
Global
	GlobalSection(SolutionConfigurationPlatforms) = preSolution
		Debug|Any CPU = Debug|Any CPU
		Release|Any CPU = Release|Any CPU
	EndGlobalSection
	GlobalSection(ProjectConfigurationPlatforms) = postSolution
		{A3CFD508-694F-5274-DC3A-136F19ADD69B}.Debug|Any CPU.ActiveCfg = Debug|Any CPU
		{A3CFD508-694F-5274-DC3A-136F19ADD69B}.Debug|Any CPU.Build.0 = Debug|Any CPU
		{A3CFD508-694F-5274-DC3A-136F19ADD69B}.Release|Any CPU.ActiveCfg = Release|Any CPU
		{A3CFD508-694F-5274-DC3A-136F19ADD69B}.Release|Any CPU.Build.0 = Release|Any CPU
	EndGlobalSection
	GlobalSection(SolutionProperties) = preSolution
		HideSolutionNode = FALSE
	EndGlobalSection
	GlobalSection(ExtensibilityGlobals) = postSolution
		SolutionGuid = {AEDD33DF-E00A-4402-8C09-3B069F8BEB9E}
	EndGlobalSection
EndGlobal
